<?xml version="1.0" encoding="utf-8"?>
<Project ToolsVersion="4.0" xmlns="http://schemas.microsoft.com/developer/msbuild/2003">
  <ItemGroup>
    <ClCompile Include="Precomp.cpp" />
    <ClCompile Include="HRTFAudio.cpp" />
    <ClCompile Include="..\Thirdparty\dumb\src\core\atexit.c">
      <Filter>Thirdparty\dumb\core</Filter>
    </ClCompile>
    <ClCompile Include="..\Thirdparty\dumb\src\core\duhlen.c">
      <Filter>Thirdparty\dumb\core</Filter>
    </ClCompile>
    <ClCompile Include="..\Thirdparty\dumb\src\core\duhtag.c">
      <Filter>Thirdparty\dumb\core</Filter>
    </ClCompile>
    <ClCompile Include="..\Thirdparty\dumb\src\core\dumbfile.c">
      <Filter>Thirdparty\dumb\core</Filter>
    </ClCompile>
    <ClCompile Include="..\Thirdparty\dumb\src\core\loadduh.c">
      <Filter>Thirdparty\dumb\core</Filter>
    </ClCompile>
    <ClCompile Include="..\Thirdparty\dumb\src\core\makeduh.c">
      <Filter>Thirdparty\dumb\core</Filter>
    </ClCompile>
    <ClCompile Include="..\Thirdparty\dumb\src\core\rawsig.c">
      <Filter>Thirdparty\dumb\core</Filter>
    </ClCompile>
    <ClCompile Include="..\Thirdparty\dumb\src\core\readduh.c">
      <Filter>Thirdparty\dumb\core</Filter>
    </ClCompile>
    <ClCompile Include="..\Thirdparty\dumb\src\core\register.c">
      <Filter>Thirdparty\dumb\core</Filter>
    </ClCompile>
    <ClCompile Include="..\Thirdparty\dumb\src\core\rendduh.c">
      <Filter>Thirdparty\dumb\core</Filter>
    </ClCompile>
    <ClCompile Include="..\Thirdparty\dumb\src\core\rendsig.c">
      <Filter>Thirdparty\dumb\core</Filter>
    </ClCompile>
    <ClCompile Include="..\Thirdparty\dumb\src\core\unload.c">
      <Filter>Thirdparty\dumb\core</Filter>
    </ClCompile>
    <ClCompile Include="..\Thirdparty\dumb\src\helpers\barray.c">
      <Filter>Thirdparty\dumb\helpers</Filter>
    </ClCompile>
    <ClCompile Include="..\Thirdparty\dumb\src\helpers\clickrem.c">
      <Filter>Thirdparty\dumb\helpers</Filter>
    </ClCompile>
    <ClCompile Include="..\Thirdparty\dumb\src\helpers\lpc.c">
      <Filter>Thirdparty\dumb\helpers</Filter>
    </ClCompile>
    <ClCompile Include="..\Thirdparty\dumb\src\helpers\memfile.c">
      <Filter>Thirdparty\dumb\helpers</Filter>
    </ClCompile>
    <ClCompile Include="..\Thirdparty\dumb\src\helpers\resample.c">
      <Filter>Thirdparty\dumb\helpers</Filter>
    </ClCompile>
    <ClCompile Include="..\Thirdparty\dumb\src\helpers\resampler.c">
      <Filter>Thirdparty\dumb\helpers</Filter>
    </ClCompile>
    <ClCompile Include="..\Thirdparty\dumb\src\helpers\riff.c">
      <Filter>Thirdparty\dumb\helpers</Filter>
    </ClCompile>
    <ClCompile Include="..\Thirdparty\dumb\src\helpers\sampbuf.c">
      <Filter>Thirdparty\dumb\helpers</Filter>
    </ClCompile>
    <ClCompile Include="..\Thirdparty\dumb\src\helpers\silence.c">
      <Filter>Thirdparty\dumb\helpers</Filter>
    </ClCompile>
    <ClCompile Include="..\Thirdparty\dumb\src\helpers\stdfile.c">
      <Filter>Thirdparty\dumb\helpers</Filter>
    </ClCompile>
    <ClCompile Include="..\Thirdparty\dumb\src\helpers\tarray.c">
      <Filter>Thirdparty\dumb\helpers</Filter>
    </ClCompile>
    <ClCompile Include="..\Thirdparty\dumb\src\it\itload.c">
      <Filter>Thirdparty\dumb\it</Filter>
    </ClCompile>
    <ClCompile Include="..\Thirdparty\dumb\src\it\itload2.c">
      <Filter>Thirdparty\dumb\it</Filter>
    </ClCompile>
    <ClCompile Include="..\Thirdparty\dumb\src\it\itmisc.c">
      <Filter>Thirdparty\dumb\it</Filter>
    </ClCompile>
    <ClCompile Include="..\Thirdparty\dumb\src\it\itorder.c">
      <Filter>Thirdparty\dumb\it</Filter>
    </ClCompile>
    <ClCompile Include="..\Thirdparty\dumb\src\it\itread.c">
      <Filter>Thirdparty\dumb\it</Filter>
    </ClCompile>
    <ClCompile Include="..\Thirdparty\dumb\src\it\itread2.c">
      <Filter>Thirdparty\dumb\it</Filter>
    </ClCompile>
    <ClCompile Include="..\Thirdparty\dumb\src\it\itrender.c">
      <Filter>Thirdparty\dumb\it</Filter>
    </ClCompile>
    <ClCompile Include="..\Thirdparty\dumb\src\it\itunload.c">
      <Filter>Thirdparty\dumb\it</Filter>
    </ClCompile>
    <ClCompile Include="..\Thirdparty\dumb\src\it\load669.c">
      <Filter>Thirdparty\dumb\it</Filter>
    </ClCompile>
    <ClCompile Include="..\Thirdparty\dumb\src\it\load6692.c">
      <Filter>Thirdparty\dumb\it</Filter>
    </ClCompile>
    <ClCompile Include="..\Thirdparty\dumb\src\it\loadamf.c">
      <Filter>Thirdparty\dumb\it</Filter>
    </ClCompile>
    <ClCompile Include="..\Thirdparty\dumb\src\it\loadamf2.c">
      <Filter>Thirdparty\dumb\it</Filter>
    </ClCompile>
    <ClCompile Include="..\Thirdparty\dumb\src\it\loadany.c">
      <Filter>Thirdparty\dumb\it</Filter>
    </ClCompile>
    <ClCompile Include="..\Thirdparty\dumb\src\it\loadany2.c">
      <Filter>Thirdparty\dumb\it</Filter>
    </ClCompile>
    <ClCompile Include="..\Thirdparty\dumb\src\it\loadasy.c">
      <Filter>Thirdparty\dumb\it</Filter>
    </ClCompile>
    <ClCompile Include="..\Thirdparty\dumb\src\it\loadasy2.c">
      <Filter>Thirdparty\dumb\it</Filter>
    </ClCompile>
    <ClCompile Include="..\Thirdparty\dumb\src\it\loadmod.c">
      <Filter>Thirdparty\dumb\it</Filter>
    </ClCompile>
    <ClCompile Include="..\Thirdparty\dumb\src\it\loadmod2.c">
      <Filter>Thirdparty\dumb\it</Filter>
    </ClCompile>
    <ClCompile Include="..\Thirdparty\dumb\src\it\loadmtm.c">
      <Filter>Thirdparty\dumb\it</Filter>
    </ClCompile>
    <ClCompile Include="..\Thirdparty\dumb\src\it\loadmtm2.c">
      <Filter>Thirdparty\dumb\it</Filter>
    </ClCompile>
    <ClCompile Include="..\Thirdparty\dumb\src\it\loadokt.c">
      <Filter>Thirdparty\dumb\it</Filter>
    </ClCompile>
    <ClCompile Include="..\Thirdparty\dumb\src\it\loadokt2.c">
      <Filter>Thirdparty\dumb\it</Filter>
    </ClCompile>
    <ClCompile Include="..\Thirdparty\dumb\src\it\loadoldpsm.c">
      <Filter>Thirdparty\dumb\it</Filter>
    </ClCompile>
    <ClCompile Include="..\Thirdparty\dumb\src\it\loadoldpsm2.c">
      <Filter>Thirdparty\dumb\it</Filter>
    </ClCompile>
    <ClCompile Include="..\Thirdparty\dumb\src\it\loadpsm.c">
      <Filter>Thirdparty\dumb\it</Filter>
    </ClCompile>
    <ClCompile Include="..\Thirdparty\dumb\src\it\loadpsm2.c">
      <Filter>Thirdparty\dumb\it</Filter>
    </ClCompile>
    <ClCompile Include="..\Thirdparty\dumb\src\it\loadptm.c">
      <Filter>Thirdparty\dumb\it</Filter>
    </ClCompile>
    <ClCompile Include="..\Thirdparty\dumb\src\it\loadptm2.c">
      <Filter>Thirdparty\dumb\it</Filter>
    </ClCompile>
    <ClCompile Include="..\Thirdparty\dumb\src\it\loadriff.c">
      <Filter>Thirdparty\dumb\it</Filter>
    </ClCompile>
    <ClCompile Include="..\Thirdparty\dumb\src\it\loadriff2.c">
      <Filter>Thirdparty\dumb\it</Filter>
    </ClCompile>
    <ClCompile Include="..\Thirdparty\dumb\src\it\loads3m.c">
      <Filter>Thirdparty\dumb\it</Filter>
    </ClCompile>
    <ClCompile Include="..\Thirdparty\dumb\src\it\loads3m2.c">
      <Filter>Thirdparty\dumb\it</Filter>
    </ClCompile>
    <ClCompile Include="..\Thirdparty\dumb\src\it\loadstm.c">
      <Filter>Thirdparty\dumb\it</Filter>
    </ClCompile>
    <ClCompile Include="..\Thirdparty\dumb\src\it\loadstm2.c">
      <Filter>Thirdparty\dumb\it</Filter>
    </ClCompile>
    <ClCompile Include="..\Thirdparty\dumb\src\it\loadxm.c">
      <Filter>Thirdparty\dumb\it</Filter>
    </ClCompile>
    <ClCompile Include="..\Thirdparty\dumb\src\it\loadxm2.c">
      <Filter>Thirdparty\dumb\it</Filter>
    </ClCompile>
    <ClCompile Include="..\Thirdparty\dumb\src\it\ptmeffect.c">
      <Filter>Thirdparty\dumb\it</Filter>
    </ClCompile>
    <ClCompile Include="..\Thirdparty\dumb\src\it\read669.c">
      <Filter>Thirdparty\dumb\it</Filter>
    </ClCompile>
    <ClCompile Include="..\Thirdparty\dumb\src\it\read6692.c">
      <Filter>Thirdparty\dumb\it</Filter>
    </ClCompile>
    <ClCompile Include="..\Thirdparty\dumb\src\it\readam.c">
      <Filter>Thirdparty\dumb\it</Filter>
    </ClCompile>
    <ClCompile Include="..\Thirdparty\dumb\src\it\readamf.c">
      <Filter>Thirdparty\dumb\it</Filter>
    </ClCompile>
    <ClCompile Include="..\Thirdparty\dumb\src\it\readamf2.c">
      <Filter>Thirdparty\dumb\it</Filter>
    </ClCompile>
    <ClCompile Include="..\Thirdparty\dumb\src\it\readany.c">
      <Filter>Thirdparty\dumb\it</Filter>
    </ClCompile>
    <ClCompile Include="..\Thirdparty\dumb\src\it\readany2.c">
      <Filter>Thirdparty\dumb\it</Filter>
    </ClCompile>
    <ClCompile Include="..\Thirdparty\dumb\src\it\readasy.c">
      <Filter>Thirdparty\dumb\it</Filter>
    </ClCompile>
    <ClCompile Include="..\Thirdparty\dumb\src\it\readdsmf.c">
      <Filter>Thirdparty\dumb\it</Filter>
    </ClCompile>
    <ClCompile Include="..\Thirdparty\dumb\src\it\readmod.c">
      <Filter>Thirdparty\dumb\it</Filter>
    </ClCompile>
    <ClCompile Include="..\Thirdparty\dumb\src\it\readmod2.c">
      <Filter>Thirdparty\dumb\it</Filter>
    </ClCompile>
    <ClCompile Include="..\Thirdparty\dumb\src\it\readmtm.c">
      <Filter>Thirdparty\dumb\it</Filter>
    </ClCompile>
    <ClCompile Include="..\Thirdparty\dumb\src\it\readokt.c">
      <Filter>Thirdparty\dumb\it</Filter>
    </ClCompile>
    <ClCompile Include="..\Thirdparty\dumb\src\it\readokt2.c">
      <Filter>Thirdparty\dumb\it</Filter>
    </ClCompile>
    <ClCompile Include="..\Thirdparty\dumb\src\it\readoldpsm.c">
      <Filter>Thirdparty\dumb\it</Filter>
    </ClCompile>
    <ClCompile Include="..\Thirdparty\dumb\src\it\readpsm.c">
      <Filter>Thirdparty\dumb\it</Filter>
    </ClCompile>
    <ClCompile Include="..\Thirdparty\dumb\src\it\readptm.c">
      <Filter>Thirdparty\dumb\it</Filter>
    </ClCompile>
    <ClCompile Include="..\Thirdparty\dumb\src\it\readriff.c">
      <Filter>Thirdparty\dumb\it</Filter>
    </ClCompile>
    <ClCompile Include="..\Thirdparty\dumb\src\it\reads3m.c">
      <Filter>Thirdparty\dumb\it</Filter>
    </ClCompile>
    <ClCompile Include="..\Thirdparty\dumb\src\it\reads3m2.c">
      <Filter>Thirdparty\dumb\it</Filter>
    </ClCompile>
    <ClCompile Include="..\Thirdparty\dumb\src\it\readstm.c">
      <Filter>Thirdparty\dumb\it</Filter>
    </ClCompile>
    <ClCompile Include="..\Thirdparty\dumb\src\it\readstm2.c">
      <Filter>Thirdparty\dumb\it</Filter>
    </ClCompile>
    <ClCompile Include="..\Thirdparty\dumb\src\it\readxm.c">
      <Filter>Thirdparty\dumb\it</Filter>
    </ClCompile>
    <ClCompile Include="..\Thirdparty\dumb\src\it\readxm2.c">
      <Filter>Thirdparty\dumb\it</Filter>
    </ClCompile>
    <ClCompile Include="..\Thirdparty\dumb\src\it\xmeffect.c">
      <Filter>Thirdparty\dumb\it</Filter>
    </ClCompile>
    <ClCompile Include="..\Thirdparty\resample\pffft.cpp">
      <Filter>Thirdparty\resample</Filter>
    </ClCompile>
    <ClCompile Include="..\Thirdparty\resample\r8bbase.cpp">
      <Filter>Thirdparty\resample</Filter>
    </ClCompile>
    <ClCompile Include="AudioMixer.cpp" />
    <ClCompile Include="AudioPlayer.cpp" />
    <ClCompile Include="AudioSource.cpp" />
    <ClCompile Include="HRTFAudioSubsystem.cpp" />
    <ClCompile Include="..\Thirdparty\kissfft\kiss_fft.c">
      <Filter>Thirdparty\kissfft</Filter>
    </ClCompile>
    <ClCompile Include="..\Thirdparty\miniz\miniz.c">
      <Filter>Thirdparty\miniz</Filter>
    </ClCompile>
  </ItemGroup>
  <ItemGroup>
    <ClInclude Include="Precomp.h" />
    <ClInclude Include="..\Thirdparty\resample\CDSPBlockConvolver.h">
      <Filter>Thirdparty\resample</Filter>
    </ClInclude>
    <ClInclude Include="..\Thirdparty\resample\CDSPFIRFilter.h">
      <Filter>Thirdparty\resample</Filter>
    </ClInclude>
    <ClInclude Include="..\Thirdparty\resample\CDSPFracInterpolator.h">
      <Filter>Thirdparty\resample</Filter>
    </ClInclude>
    <ClInclude Include="..\Thirdparty\resample\CDSPHBDownsampler.h">
      <Filter>Thirdparty\resample</Filter>
    </ClInclude>
    <ClInclude Include="..\Thirdparty\resample\CDSPHBUpsampler.h">
      <Filter>Thirdparty\resample</Filter>
    </ClInclude>
    <ClInclude Include="..\Thirdparty\resample\CDSPProcessor.h">
      <Filter>Thirdparty\resample</Filter>
    </ClInclude>
    <ClInclude Include="..\Thirdparty\resample\CDSPRealFFT.h">
      <Filter>Thirdparty\resample</Filter>
    </ClInclude>
    <ClInclude Include="..\Thirdparty\resample\CDSPResampler.h">
      <Filter>Thirdparty\resample</Filter>
    </ClInclude>
    <ClInclude Include="..\Thirdparty\resample\CDSPSincFilterGen.h">
      <Filter>Thirdparty\resample</Filter>
    </ClInclude>
    <ClInclude Include="..\Thirdparty\resample\fft4g.h">
      <Filter>Thirdparty\resample</Filter>
    </ClInclude>
    <ClInclude Include="..\Thirdparty\resample\pffft.h">
      <Filter>Thirdparty\resample</Filter>
    </ClInclude>
    <ClInclude Include="..\Thirdparty\resample\r8bbase.h">
      <Filter>Thirdparty\resample</Filter>
    </ClInclude>
    <ClInclude Include="..\Thirdparty\resample\r8bconf.h">
      <Filter>Thirdparty\resample</Filter>
    </ClInclude>
    <ClInclude Include="..\Thirdparty\resample\r8butil.h">
      <Filter>Thirdparty\resample</Filter>
    </ClInclude>
    <ClInclude Include="..\Thirdparty\dr_flac.h">
      <Filter>Thirdparty</Filter>
    </ClInclude>
    <ClInclude Include="..\Thirdparty\dr_wav.h">
      <Filter>Thirdparty</Filter>
    </ClInclude>
    <ClInclude Include="..\Thirdparty\minimp3.h">
      <Filter>Thirdparty</Filter>
    </ClInclude>
    <ClInclude Include="..\Thirdparty\minimp3_ex.h">
      <Filter>Thirdparty</Filter>
    </ClInclude>
    <ClInclude Include="..\Thirdparty\stb_vorbis.h">
      <Filter>Thirdparty</Filter>
    </ClInclude>
    <ClInclude Include="AudioMixer.h" />
    <ClInclude Include="AudioPlayer.h" />
    <ClInclude Include="AudioSource.h" />
    <ClInclude Include="HRTFAudioSubsystem.h" />
    <ClInclude Include="..\Thirdparty\kissfft\kiss_fft.h">
      <Filter>Thirdparty\kissfft</Filter>
    </ClInclude>
    <ClInclude Include="..\Thirdparty\miniz\miniz.h">
      <Filter>Thirdparty\miniz</Filter>
    </ClInclude>
    <ClInclude Include="resource.h" />
  </ItemGroup>
  <ItemGroup>
    <None Include="..\HRTFAudio.int" />
    <None Include="..\Thirdparty\dumb\src\helpers\resamp2.inc">
      <Filter>Thirdparty\dumb\helpers</Filter>
    </None>
    <None Include="..\Thirdparty\dumb\src\helpers\resamp3.inc">
      <Filter>Thirdparty\dumb\helpers</Filter>
    </None>
    <None Include="..\Thirdparty\dumb\src\helpers\resample.inc">
      <Filter>Thirdparty\dumb\helpers</Filter>
    </None>
    <None Include="..\Thirdparty\resample\LICENSE">
      <Filter>Thirdparty\resample</Filter>
    </None>
    <None Include="..\Thirdparty\miniz\LICENSE">
      <Filter>Thirdparty\miniz</Filter>
    </None>
    <None Include="diffuse.zip" />
  </ItemGroup>
  <ItemGroup>
    <Filter Include="Thirdparty">
      <UniqueIdentifier>{b31490d5-97e3-4253-9eb4-3d51aa57c9ce}</UniqueIdentifier>
    </Filter>
    <Filter Include="Thirdparty\dumb">
      <UniqueIdentifier>{097a2ead-9235-4216-98ed-c83ecd4c56e1}</UniqueIdentifier>
    </Filter>
    <Filter Include="Thirdparty\dumb\core">
      <UniqueIdentifier>{4655c474-e38e-4070-aede-cd4c121121c8}</UniqueIdentifier>
    </Filter>
    <Filter Include="Thirdparty\dumb\helpers">
      <UniqueIdentifier>{68d42f6e-323f-4dfd-b237-4121214b0214}</UniqueIdentifier>
    </Filter>
    <Filter Include="Thirdparty\dumb\it">
      <UniqueIdentifier>{039775b8-9165-4a41-9b39-1e423626e51a}</UniqueIdentifier>
    </Filter>
    <Filter Include="Thirdparty\resample">
      <UniqueIdentifier>{2c5fe591-2101-438a-9e60-ab3808c7f997}</UniqueIdentifier>
    </Filter>
    <Filter Include="Thirdparty\kissfft">
      <UniqueIdentifier>{53764569-2d75-4a52-a807-14eef8631145}</UniqueIdentifier>
    </Filter>
    <Filter Include="Thirdparty\miniz">
      <UniqueIdentifier>{32af7611-909a-490b-a2a8-6fae29c2eaf8}</UniqueIdentifier>
    </Filter>
  </ItemGroup>
  <ItemGroup>
    <ResourceCompile Include="HRTFAudio.rc" />
  </ItemGroup>
</Project>