
Microsoft Visual Studio Solution File, Format Version 12.00
# Visual Studio Version 17
VisualStudioVersion = 17.7.34024.191
MinimumVisualStudioVersion = 10.0.40219.1
Project("{8BC9CEB8-8B4A-11D0-8D11-00A0C91BC942}") = "VulkanDrv", "VulkanDrv\VulkanDrv.vcxproj", "{2E0FB4CD-9019-45B1-B2BF-E99023DC70DA}"
EndProject
Project("{8BC9CEB8-8B4A-11D0-8D11-00A0C91BC942}") = "ZVulkan", "ZVulkan\ZVulkan.vcxproj", "{4DEAE017-3206-4351-BB75-4947D0314829}"
EndProject
Project("{8BC9CEB8-8B4A-11D0-8D11-00A0C91BC942}") = "HRTFAudio", "HRTFAudio\HRTFAudio.vcxproj", "{CCFAA700-BBB0-40A3-901B-7C69FAAC9A79}"
EndProject
Project("{8BC9CEB8-8B4A-11D0-8D11-00A0C91BC942}") = "D3D11Drv", "D3D11Drv\D3D11Drv.vcxproj", "{61D829FF-33FA-4585-AC7D-DE5D143F6DF7}"
EndProject
Project("{8BC9CEB8-8B4A-11D0-8D11-00A0C91BC942}") = "D3D12Drv", "D3D12Drv\D3D12Drv.vcxproj", "{A2A54772-B1F0-4BEF-936D-80DA823013FE}"
EndProject
Global
	GlobalSection(SolutionConfigurationPlatforms) = preSolution
		Debug|x86 = Debug|x86
		DeusExDebug|x86 = DeusExDebug|x86
		DeusExRelease|x86 = DeusExRelease|x86
		Release|x86 = Release|x86
		UnrealGoldDebug|x86 = UnrealGoldDebug|x86
		UnrealGoldRelease|x86 = UnrealGoldRelease|x86
	EndGlobalSection
	GlobalSection(ProjectConfigurationPlatforms) = postSolution
		{2E0FB4CD-9019-45B1-B2BF-E99023DC70DA}.Debug|x86.ActiveCfg = Debug|Win32
		{2E0FB4CD-9019-45B1-B2BF-E99023DC70DA}.Debug|x86.Build.0 = Debug|Win32
		{2E0FB4CD-9019-45B1-B2BF-E99023DC70DA}.DeusExDebug|x86.ActiveCfg = DeusExDebug|Win32
		{2E0FB4CD-9019-45B1-B2BF-E99023DC70DA}.DeusExDebug|x86.Build.0 = DeusExDebug|Win32
		{2E0FB4CD-9019-45B1-B2BF-E99023DC70DA}.DeusExRelease|x86.ActiveCfg = DeusExRelease|Win32
		{2E0FB4CD-9019-45B1-B2BF-E99023DC70DA}.DeusExRelease|x86.Build.0 = DeusExRelease|Win32
		{2E0FB4CD-9019-45B1-B2BF-E99023DC70DA}.Release|x86.ActiveCfg = Release|Win32
		{2E0FB4CD-9019-45B1-B2BF-E99023DC70DA}.Release|x86.Build.0 = Release|Win32
		{2E0FB4CD-9019-45B1-B2BF-E99023DC70DA}.UnrealGoldDebug|x86.ActiveCfg = UnrealGoldDebug|Win32
		{2E0FB4CD-9019-45B1-B2BF-E99023DC70DA}.UnrealGoldDebug|x86.Build.0 = UnrealGoldDebug|Win32
		{2E0FB4CD-9019-45B1-B2BF-E99023DC70DA}.UnrealGoldRelease|x86.ActiveCfg = UnrealGoldRelease|Win32
		{2E0FB4CD-9019-45B1-B2BF-E99023DC70DA}.UnrealGoldRelease|x86.Build.0 = UnrealGoldRelease|Win32
		{4DEAE017-3206-4351-BB75-4947D0314829}.Debug|x86.ActiveCfg = Debug|Win32
		{4DEAE017-3206-4351-BB75-4947D0314829}.DeusExDebug|x86.ActiveCfg = DeusExDebug|Win32
		{4DEAE017-3206-4351-BB75-4947D0314829}.DeusExRelease|x86.ActiveCfg = DeusExRelease|Win32
		{4DEAE017-3206-4351-BB75-4947D0314829}.DeusExRelease|x86.Build.0 = DeusExRelease|Win32
		{4DEAE017-3206-4351-BB75-4947D0314829}.Release|x86.ActiveCfg = Release|Win32
		{4DEAE017-3206-4351-BB75-4947D0314829}.Release|x86.Build.0 = Release|Win32
		{4DEAE017-3206-4351-BB75-4947D0314829}.UnrealGoldDebug|x86.ActiveCfg = UnrealGoldDebug|Win32
		{4DEAE017-3206-4351-BB75-4947D0314829}.UnrealGoldRelease|x86.ActiveCfg = UnrealGoldRelease|Win32
		{4DEAE017-3206-4351-BB75-4947D0314829}.UnrealGoldRelease|x86.Build.0 = UnrealGoldRelease|Win32
		{CCFAA700-BBB0-40A3-901B-7C69FAAC9A79}.Debug|x86.ActiveCfg = Debug|Win32
		{CCFAA700-BBB0-40A3-901B-7C69FAAC9A79}.Debug|x86.Build.0 = Debug|Win32
		{CCFAA700-BBB0-40A3-901B-7C69FAAC9A79}.DeusExDebug|x86.ActiveCfg = DeusExDebug|Win32
		{CCFAA700-BBB0-40A3-901B-7C69FAAC9A79}.DeusExDebug|x86.Build.0 = DeusExDebug|Win32
		{CCFAA700-BBB0-40A3-901B-7C69FAAC9A79}.DeusExRelease|x86.ActiveCfg = DeusExRelease|Win32
		{CCFAA700-BBB0-40A3-901B-7C69FAAC9A79}.DeusExRelease|x86.Build.0 = DeusExRelease|Win32
		{CCFAA700-BBB0-40A3-901B-7C69FAAC9A79}.Release|x86.ActiveCfg = Release|Win32
		{CCFAA700-BBB0-40A3-901B-7C69FAAC9A79}.Release|x86.Build.0 = Release|Win32
		{CCFAA700-BBB0-40A3-901B-7C69FAAC9A79}.UnrealGoldDebug|x86.ActiveCfg = UnrealGoldDebug|Win32
		{CCFAA700-BBB0-40A3-901B-7C69FAAC9A79}.UnrealGoldDebug|x86.Build.0 = UnrealGoldDebug|Win32
		{CCFAA700-BBB0-40A3-901B-7C69FAAC9A79}.UnrealGoldRelease|x86.ActiveCfg = UnrealGoldRelease|Win32
		{CCFAA700-BBB0-40A3-901B-7C69FAAC9A79}.UnrealGoldRelease|x86.Build.0 = UnrealGoldRelease|Win32
		{61D829FF-33FA-4585-AC7D-DE5D143F6DF7}.Debug|x86.ActiveCfg = Debug|Win32
		{61D829FF-33FA-4585-AC7D-DE5D143F6DF7}.Debug|x86.Build.0 = Debug|Win32
		{61D829FF-33FA-4585-AC7D-DE5D143F6DF7}.DeusExDebug|x86.ActiveCfg = DeusExDebug|Win32
		{61D829FF-33FA-4585-AC7D-DE5D143F6DF7}.DeusExDebug|x86.Build.0 = DeusExDebug|Win32
		{61D829FF-33FA-4585-AC7D-DE5D143F6DF7}.DeusExRelease|x86.ActiveCfg = DeusExRelease|Win32
		{61D829FF-33FA-4585-AC7D-DE5D143F6DF7}.DeusExRelease|x86.Build.0 = DeusExRelease|Win32
		{61D829FF-33FA-4585-AC7D-DE5D143F6DF7}.Release|x86.ActiveCfg = Release|Win32
		{61D829FF-33FA-4585-AC7D-DE5D143F6DF7}.Release|x86.Build.0 = Release|Win32
		{61D829FF-33FA-4585-AC7D-DE5D143F6DF7}.UnrealGoldDebug|x86.ActiveCfg = UnrealGoldDebug|Win32
		{61D829FF-33FA-4585-AC7D-DE5D143F6DF7}.UnrealGoldDebug|x86.Build.0 = UnrealGoldDebug|Win32
		{61D829FF-33FA-4585-AC7D-DE5D143F6DF7}.UnrealGoldRelease|x86.ActiveCfg = UnrealGoldRelease|Win32
		{61D829FF-33FA-4585-AC7D-DE5D143F6DF7}.UnrealGoldRelease|x86.Build.0 = UnrealGoldRelease|Win32
		{A2A54772-B1F0-4BEF-936D-80DA823013FE}.Debug|x86.ActiveCfg = Debug|Win32
		{A2A54772-B1F0-4BEF-936D-80DA823013FE}.Debug|x86.Build.0 = Debug|Win32
		{A2A54772-B1F0-4BEF-936D-80DA823013FE}.DeusExDebug|x86.ActiveCfg = DeusExDebug|Win32
		{A2A54772-B1F0-4BEF-936D-80DA823013FE}.DeusExDebug|x86.Build.0 = DeusExDebug|Win32
		{A2A54772-B1F0-4BEF-936D-80DA823013FE}.DeusExRelease|x86.ActiveCfg = DeusExRelease|Win32
		{A2A54772-B1F0-4BEF-936D-80DA823013FE}.DeusExRelease|x86.Build.0 = DeusExRelease|Win32
		{A2A54772-B1F0-4BEF-936D-80DA823013FE}.Release|x86.ActiveCfg = Release|Win32
		{A2A54772-B1F0-4BEF-936D-80DA823013FE}.Release|x86.Build.0 = Release|Win32
		{A2A54772-B1F0-4BEF-936D-80DA823013FE}.UnrealGoldDebug|x86.ActiveCfg = UnrealGoldDebug|Win32
		{A2A54772-B1F0-4BEF-936D-80DA823013FE}.UnrealGoldDebug|x86.Build.0 = UnrealGoldDebug|Win32
		{A2A54772-B1F0-4BEF-936D-80DA823013FE}.UnrealGoldRelease|x86.ActiveCfg = UnrealGoldRelease|Win32
		{A2A54772-B1F0-4BEF-936D-80DA823013FE}.UnrealGoldRelease|x86.Build.0 = UnrealGoldRelease|Win32
	EndGlobalSection
	GlobalSection(SolutionProperties) = preSolution
		HideSolutionNode = FALSE
	EndGlobalSection
	GlobalSection(ExtensibilityGlobals) = postSolution
		SolutionGuid = {B3D6612B-4DBB-4B34-B75D-6FE76F028086}
	EndGlobalSection
EndGlobal
