<?xml version="1.0" encoding="utf-8"?>
<Project ToolsVersion="4.0" xmlns="http://schemas.microsoft.com/developer/msbuild/2003">
  <ItemGroup>
    <ClInclude Include="UVulkanRenderDevice.h" />
    <ClInclude Include="VulkanBuilders.h" />
    <ClInclude Include="VulkanDevice.h" />
    <ClInclude Include="VulkanObjects.h" />
    <ClInclude Include="VulkanSwapChain.h" />
    <ClInclude Include="Precomp.h" />
    <ClInclude Include="VulkanPostprocess.h" />
    <ClInclude Include="SceneTextures.h" />
    <ClInclude Include="halffloat.h" />
    <ClInclude Include="mat.h" />
    <ClInclude Include="quaternion.h" />
    <ClInclude Include="vec.h" />
    <ClInclude Include="Postprocess.h" />
    <ClInclude Include="PixelBuffer.h" />
    <ClInclude Include="FileResource.h" />
    <ClInclude Include="VulkanTexture.h" />
    <ClInclude Include="..\Thirdparty\volk\volk.h">
      <Filter>Thirdparty</Filter>
    </ClInclude>
    <ClInclude Include="ShaderManager.h" />
    <ClInclude Include="SamplerManager.h" />
    <ClInclude Include="BufferManager.h" />
    <ClInclude Include="TextureManager.h" />
    <ClInclude Include="DescriptorSetManager.h" />
    <ClInclude Include="RenderPassManager.h" />
    <ClInclude Include="FramebufferManager.h" />
    <ClInclude Include="CommandBufferManager.h" />
    <ClInclude Include="UTF16.h" />
  </ItemGroup>
  <ItemGroup>
    <ClCompile Include="VulkanDrv.cpp" />
    <ClCompile Include="UVulkanRenderDevice.cpp" />
    <ClCompile Include="VulkanBuilders.cpp" />
    <ClCompile Include="VulkanDevice.cpp" />
    <ClCompile Include="VulkanSwapChain.cpp" />
    <ClCompile Include="Precomp.cpp" />
    <ClCompile Include="VulkanPostprocess.cpp" />
    <ClCompile Include="SceneTextures.cpp" />
    <ClCompile Include="halffloat.cpp" />
    <ClCompile Include="mat.cpp" />
    <ClCompile Include="Postprocess.cpp" />
    <ClCompile Include="FileResource.cpp" />
    <ClCompile Include="VulkanTexture.cpp" />
    <ClCompile Include="..\Thirdparty\volk\volk.c">
      <Filter>Thirdparty</Filter>
    </ClCompile>
    <ClCompile Include="..\Thirdparty\vk_mem_alloc\vk_mem_alloc.cpp">
      <Filter>Thirdparty</Filter>
    </ClCompile>
    <ClCompile Include="ShaderManager.cpp" />
    <ClCompile Include="SamplerManager.cpp" />
    <ClCompile Include="BufferManager.cpp" />
    <ClCompile Include="TextureManager.cpp" />
    <ClCompile Include="DescriptorSetManager.cpp" />
    <ClCompile Include="RenderPassManager.cpp" />
    <ClCompile Include="FramebufferManager.cpp" />
    <ClCompile Include="CommandBufferManager.cpp" />
    <ClCompile Include="UTF16.cpp" />
  </ItemGroup>
  <ItemGroup>
    <None Include="..\VulkanDrv.int" />
  </ItemGroup>
  <ItemGroup>
    <Filter Include="Thirdparty">
      <UniqueIdentifier>{25b23aa5-e71b-4fc2-869e-d9ca815c5f8a}</UniqueIdentifier>
    </Filter>
  </ItemGroup>
</Project>